
Microsoft Visual Studio Solution File, Format Version 12.00
# Visual Studio 15
VisualStudioVersion = 15.0.28307.106
MinimumVisualStudioVersion = 10.0.40219.1
Project("{FAE04EC0-301F-11D3-BF4B-00C04F79EFBC}") = "codedeploydemo", "codedeploydemo\codedeploydemo.csproj", "{C31F927B-4687-419C-9F11-AFDD80838ECC}"
EndProject
Global
	GlobalSection(SolutionConfigurationPlatforms) = preSolution
		Debug|Any CPU = Debug|Any CPU
		Release|Any CPU = Release|Any CPU
	EndGlobalSection
	GlobalSection(ProjectConfigurationPlatforms) = postSolution
		{C31F927B-4687-419C-9F11-AFDD80838ECC}.Debug|Any CPU.ActiveCfg = Debug|Any CPU
		{C31F927B-4687-419C-9F11-AFDD80838ECC}.Debug|Any CPU.Build.0 = Debug|Any CPU
		{C31F927B-4687-419C-9F11-AFDD80838ECC}.Release|Any CPU.ActiveCfg = Release|Any CPU
		{C31F927B-4687-419C-9F11-AFDD80838ECC}.Release|Any CPU.Build.0 = Release|Any CPU
	EndGlobalSection
	GlobalSection(SolutionProperties) = preSolution
		HideSolutionNode = FALSE
	EndGlobalSection
	GlobalSection(ExtensibilityGlobals) = postSolution
		SolutionGuid = {CB023DA2-E446-496C-B9BB-3288E90E2208}
	EndGlobalSection
EndGlobal
